
Microsoft Visual Studio Solution File, Format Version 12.00
# Visual Studio Version 16
VisualStudioVersion = 16.0.29911.84
MinimumVisualStudioVersion = 10.0.40219.1
Project("{9A19103F-16F7-4668-BE54-9A1E7A4F7556}") = "GroceryStore", "GroceryStore\GroceryStore.csproj", "{4643DE90-94A4-482E-B6B8-5DAA462CC8BF}"
EndProject
Project("{9A19103F-16F7-4668-BE54-9A1E7A4F7556}") = "GroceryUI", "GroceryUI\GroceryUI.csproj", "{AB7C04EF-518F-4440-A6B9-C59C02CF8444}"
EndProject
Project("{FAE04EC0-301F-11D3-BF4B-00C04F79EFBC}") = "GroceryStoreUnitTest", "GroceryStoreUnitTest\GroceryStoreUnitTest.csproj", "{93918824-F7F4-41D5-93AD-7BDB1DF94DF0}"
EndProject
Global
	GlobalSection(SolutionConfigurationPlatforms) = preSolution
		Debug|Any CPU = Debug|Any CPU
		Release|Any CPU = Release|Any CPU
	EndGlobalSection
	GlobalSection(ProjectConfigurationPlatforms) = postSolution
		{4643DE90-94A4-482E-B6B8-5DAA462CC8BF}.Debug|Any CPU.ActiveCfg = Debug|Any CPU
		{4643DE90-94A4-482E-B6B8-5DAA462CC8BF}.Debug|Any CPU.Build.0 = Debug|Any CPU
		{4643DE90-94A4-482E-B6B8-5DAA462CC8BF}.Release|Any CPU.ActiveCfg = Release|Any CPU
		{4643DE90-94A4-482E-B6B8-5DAA462CC8BF}.Release|Any CPU.Build.0 = Release|Any CPU
		{AB7C04EF-518F-4440-A6B9-C59C02CF8444}.Debug|Any CPU.ActiveCfg = Debug|Any CPU
		{AB7C04EF-518F-4440-A6B9-C59C02CF8444}.Debug|Any CPU.Build.0 = Debug|Any CPU
		{AB7C04EF-518F-4440-A6B9-C59C02CF8444}.Release|Any CPU.ActiveCfg = Release|Any CPU
		{AB7C04EF-518F-4440-A6B9-C59C02CF8444}.Release|Any CPU.Build.0 = Release|Any CPU
		{93918824-F7F4-41D5-93AD-7BDB1DF94DF0}.Debug|Any CPU.ActiveCfg = Debug|Any CPU
		{93918824-F7F4-41D5-93AD-7BDB1DF94DF0}.Debug|Any CPU.Build.0 = Debug|Any CPU
		{93918824-F7F4-41D5-93AD-7BDB1DF94DF0}.Release|Any CPU.ActiveCfg = Release|Any CPU
		{93918824-F7F4-41D5-93AD-7BDB1DF94DF0}.Release|Any CPU.Build.0 = Release|Any CPU
	EndGlobalSection
	GlobalSection(SolutionProperties) = preSolution
		HideSolutionNode = FALSE
	EndGlobalSection
	GlobalSection(ExtensibilityGlobals) = postSolution
		SolutionGuid = {F6BF28A9-EA2E-40B7-BD3C-BB4202E5D349}
	EndGlobalSection
EndGlobal
